
Microsoft Visual Studio Solution File, Format Version 12.00
# Visual Studio 15
VisualStudioVersion = 15.0.26430.13
MinimumVisualStudioVersion = 10.0.40219.1
Project("{FAE04EC0-301F-11D3-BF4B-00C04F79EFBC}") = "WebServer", "WebServer\WebServer.csproj", "{5B7D9899-192C-4A94-93F6-03C60CF1B21C}"
EndProject
Project("{FAE04EC0-301F-11D3-BF4B-00C04F79EFBC}") = "SearchAlgorithmsLib", "..\..\AdvancedPrograming2\SearchAlgorithmsLib\SearchAlgorithmsLib.csproj", "{3A410550-D87A-4497-B9A1-4C6DCD2578CE}"
EndProject
Global
	GlobalSection(SolutionConfigurationPlatforms) = preSolution
		Debug|Any CPU = Debug|Any CPU
		Release|Any CPU = Release|Any CPU
	EndGlobalSection
	GlobalSection(ProjectConfigurationPlatforms) = postSolution
		{5B7D9899-192C-4A94-93F6-03C60CF1B21C}.Debug|Any CPU.ActiveCfg = Debug|Any CPU
		{5B7D9899-192C-4A94-93F6-03C60CF1B21C}.Debug|Any CPU.Build.0 = Debug|Any CPU
		{5B7D9899-192C-4A94-93F6-03C60CF1B21C}.Release|Any CPU.ActiveCfg = Release|Any CPU
		{5B7D9899-192C-4A94-93F6-03C60CF1B21C}.Release|Any CPU.Build.0 = Release|Any CPU
		{3A410550-D87A-4497-B9A1-4C6DCD2578CE}.Debug|Any CPU.ActiveCfg = Debug|Any CPU
		{3A410550-D87A-4497-B9A1-4C6DCD2578CE}.Debug|Any CPU.Build.0 = Debug|Any CPU
		{3A410550-D87A-4497-B9A1-4C6DCD2578CE}.Release|Any CPU.ActiveCfg = Release|Any CPU
		{3A410550-D87A-4497-B9A1-4C6DCD2578CE}.Release|Any CPU.Build.0 = Release|Any CPU
	EndGlobalSection
	GlobalSection(SolutionProperties) = preSolution
		HideSolutionNode = FALSE
	EndGlobalSection
EndGlobal
